{
  "name": "com.jorgeparavicini.jlog",
  "version": "0.0.1",
  "lockfileVersion": 1,
  "requires": true,
  "dependencies": {
    "com.jorgeparavicini.uix": {
      "version": "git+https://github.com/jorgeparavicini/Unity-UIX.git#41f6a19173b2a6a7a118246657c0874fcfdcc0b0",
      "from": "git+https://github.com/jorgeparavicini/Unity-UIX.git"
    }
  }
}
